
Microsoft Visual Studio Solution File, Format Version 12.00
# Visual Studio Version 17
VisualStudioVersion = 17.10.35013.160
MinimumVisualStudioVersion = 10.0.40219.1
Project("{F184B08F-C81C-45F6-A57F-5ABD9991F28F}") = "test Plarson", "test Plarson\test Plarson.vbproj", "{B9B32CF3-648F-451A-ADDF-84E303A449B2}"
EndProject
Global
	GlobalSection(SolutionConfigurationPlatforms) = preSolution
		Debug|Any CPU = Debug|Any CPU
		Release|Any CPU = Release|Any CPU
	EndGlobalSection
	GlobalSection(ProjectConfigurationPlatforms) = postSolution
		{B9B32CF3-648F-451A-ADDF-84E303A449B2}.Debug|Any CPU.ActiveCfg = Debug|Any CPU
		{B9B32CF3-648F-451A-ADDF-84E303A449B2}.Debug|Any CPU.Build.0 = Debug|Any CPU
		{B9B32CF3-648F-451A-ADDF-84E303A449B2}.Release|Any CPU.ActiveCfg = Release|Any CPU
		{B9B32CF3-648F-451A-ADDF-84E303A449B2}.Release|Any CPU.Build.0 = Release|Any CPU
	EndGlobalSection
	GlobalSection(SolutionProperties) = preSolution
		HideSolutionNode = FALSE
	EndGlobalSection
	GlobalSection(ExtensibilityGlobals) = postSolution
		SolutionGuid = {A580CCD6-3653-4594-80BF-08763799C1A2}
	EndGlobalSection
EndGlobal
